
Microsoft Visual Studio Solution File, Format Version 12.00
# Visual Studio Version 16
VisualStudioVersion = 16.0.31105.61
MinimumVisualStudioVersion = 10.0.40219.1
Project("{FAE04EC0-301F-11D3-BF4B-00C04F79EFBC}") = "CreateLakeFunction", "FunctionApp5\CreateLakeFunction.csproj", "{DD6A3CF6-51B6-4127-90FB-BCF8D3FCF329}"
EndProject
Global
	GlobalSection(SolutionConfigurationPlatforms) = preSolution
		Debug|Any CPU = Debug|Any CPU
		Release|Any CPU = Release|Any CPU
	EndGlobalSection
	GlobalSection(ProjectConfigurationPlatforms) = postSolution
		{DD6A3CF6-51B6-4127-90FB-BCF8D3FCF329}.Debug|Any CPU.ActiveCfg = Debug|Any CPU
		{DD6A3CF6-51B6-4127-90FB-BCF8D3FCF329}.Debug|Any CPU.Build.0 = Debug|Any CPU
		{DD6A3CF6-51B6-4127-90FB-BCF8D3FCF329}.Release|Any CPU.ActiveCfg = Release|Any CPU
		{DD6A3CF6-51B6-4127-90FB-BCF8D3FCF329}.Release|Any CPU.Build.0 = Release|Any CPU
	EndGlobalSection
	GlobalSection(SolutionProperties) = preSolution
		HideSolutionNode = FALSE
	EndGlobalSection
	GlobalSection(ExtensibilityGlobals) = postSolution
		SolutionGuid = {AC594CBE-E0E0-4A2E-9564-72D2468B971E}
	EndGlobalSection
EndGlobal
